
Microsoft Visual Studio Solution File, Format Version 12.00
# Visual Studio Version 16
Project("{8BC9CEB8-8B4A-11D0-8D11-00A0C91BC942}") = "ALL_BUILD", "ALL_BUILD.vcxproj", "{F2AAB3EE-7E18-31C1-84DB-A5EE4D901299}"
	ProjectSection(ProjectDependencies) = postProject
		{186B9BEC-632D-3543-BB5B-BD2FD0748764} = {186B9BEC-632D-3543-BB5B-BD2FD0748764}
		{84A09F67-E83D-3856-9675-3AB4E9430A21} = {84A09F67-E83D-3856-9675-3AB4E9430A21}
	EndProjectSection
EndProject
Project("{8BC9CEB8-8B4A-11D0-8D11-00A0C91BC942}") = "FirstLab", "FirstLab.vcxproj", "{186B9BEC-632D-3543-BB5B-BD2FD0748764}"
	ProjectSection(ProjectDependencies) = postProject
		{84A09F67-E83D-3856-9675-3AB4E9430A21} = {84A09F67-E83D-3856-9675-3AB4E9430A21}
	EndProjectSection
EndProject
Project("{8BC9CEB8-8B4A-11D0-8D11-00A0C91BC942}") = "ZERO_CHECK", "ZERO_CHECK.vcxproj", "{84A09F67-E83D-3856-9675-3AB4E9430A21}"
	ProjectSection(ProjectDependencies) = postProject
	EndProjectSection
EndProject
Global
	GlobalSection(SolutionConfigurationPlatforms) = preSolution
		Debug|x64 = Debug|x64
		Release|x64 = Release|x64
	EndGlobalSection
	GlobalSection(ProjectConfigurationPlatforms) = postSolution
		{F2AAB3EE-7E18-31C1-84DB-A5EE4D901299}.Debug|x64.ActiveCfg = Debug|x64
		{F2AAB3EE-7E18-31C1-84DB-A5EE4D901299}.Release|x64.ActiveCfg = Release|x64
		{186B9BEC-632D-3543-BB5B-BD2FD0748764}.Debug|x64.ActiveCfg = Debug|x64
		{186B9BEC-632D-3543-BB5B-BD2FD0748764}.Debug|x64.Build.0 = Debug|x64
		{186B9BEC-632D-3543-BB5B-BD2FD0748764}.Release|x64.ActiveCfg = Release|x64
		{186B9BEC-632D-3543-BB5B-BD2FD0748764}.Release|x64.Build.0 = Release|x64
		{84A09F67-E83D-3856-9675-3AB4E9430A21}.Debug|x64.ActiveCfg = Debug|x64
		{84A09F67-E83D-3856-9675-3AB4E9430A21}.Debug|x64.Build.0 = Debug|x64
		{84A09F67-E83D-3856-9675-3AB4E9430A21}.Release|x64.ActiveCfg = Release|x64
		{84A09F67-E83D-3856-9675-3AB4E9430A21}.Release|x64.Build.0 = Release|x64
	EndGlobalSection
	GlobalSection(ExtensibilityGlobals) = postSolution
		SolutionGuid = {9CF36C17-E2D4-31D3-BAAB-055875CC8767}
	EndGlobalSection
	GlobalSection(ExtensibilityAddIns) = postSolution
	EndGlobalSection
EndGlobal
