<?xml version="1.0" encoding="utf-8"?>
<Project ToolsVersion="16.0" xmlns="http://schemas.microsoft.com/developer/msbuild/2003">
  <ItemGroup>
    <ClCompile Include="D:\GIT\secondSem_firstLab\src\main.cpp">
      <Filter>Source Files</Filter>
    </ClCompile>
    <ClCompile Include="src\Animal.cpp">
      <Filter>Source Files</Filter>
    </ClCompile>
    <ClCompile Include="headers\TPredator.cpp" />
    <ClCompile Include="src\TPredator.cpp">
      <Filter>Source Files</Filter>
    </ClCompile>
    <ClCompile Include="src\Mammals.cpp">
      <Filter>Source Files</Filter>
    </ClCompile>
    <ClCompile Include="src\Feline.cpp">
      <Filter>Source Files</Filter>
    </ClCompile>
    <ClCompile Include="src\Canine.cpp">
      <Filter>Source Files</Filter>
    </ClCompile>
    <ClCompile Include="src\Hedgehog.cpp">
      <Filter>Source Files</Filter>
    </ClCompile>
    <ClCompile Include="src\Muskrat.cpp">
      <Filter>Source Files</Filter>
    </ClCompile>
  </ItemGroup>
  <ItemGroup>
    <ClInclude Include="headers\TPredator.h">
      <Filter>Header Files</Filter>
    </ClInclude>
    <ClInclude Include="headers\Mammals.h">
      <Filter>Header Files</Filter>
    </ClInclude>
    <ClInclude Include="headers\Animal.h">
      <Filter>Header Files</Filter>
    </ClInclude>
    <ClInclude Include="headers\Feline.h">
      <Filter>Header Files</Filter>
    </ClInclude>
    <ClInclude Include="headers\Canine.h">
      <Filter>Header Files</Filter>
    </ClInclude>
    <ClInclude Include="headers\Muskrat.h">
      <Filter>Header Files</Filter>
    </ClInclude>
    <ClInclude Include="headers\Hedgehog.h">
      <Filter>Header Files</Filter>
    </ClInclude>
  </ItemGroup>
  <ItemGroup>
    <CustomBuild Include="D:\GIT\secondSem_firstLab\CMakeLists.txt" />
  </ItemGroup>
  <ItemGroup>
    <Filter Include="Header Files">
      <UniqueIdentifier>{1C55FD59-2788-32ED-A3E0-05E18B6E3667}</UniqueIdentifier>
    </Filter>
    <Filter Include="Source Files">
      <UniqueIdentifier>{493F21DA-2F15-3A6F-9A46-8C18ED320094}</UniqueIdentifier>
    </Filter>
  </ItemGroup>
</Project>