<?xml version="1.0" encoding="utf-8"?>
<Project ToolsVersion="16.0" xmlns="http://schemas.microsoft.com/developer/msbuild/2003">
  <ItemGroup>
    <CustomBuild Include="D:\git\secondSem_firstLab\CMakeFiles\7f14a8061a8bc8de71314d45d54f9b6d\generate.stamp.rule">
      <Filter>CMake Rules</Filter>
    </CustomBuild>
  </ItemGroup>
  <ItemGroup>
    <Filter Include="CMake Rules">
      <UniqueIdentifier>{3EBF6696-A9C0-334A-BD7F-7E333E2DE0B0}</UniqueIdentifier>
    </Filter>
  </ItemGroup>
</Project>
