<?xml version="1.0" encoding="utf-8"?>
<Project ToolsVersion="16.0" xmlns="http://schemas.microsoft.com/developer/msbuild/2003">
  <ItemGroup>
    <CustomBuild Include="D:\GIT\secondSem_firstLab\CMakeFiles\1ea82dee2aa1a16ce88fe15e5f79ecc9\generate.stamp.rule">
      <Filter>CMake Rules</Filter>
    </CustomBuild>
  </ItemGroup>
  <ItemGroup>
    <Filter Include="CMake Rules">
      <UniqueIdentifier>{C9B39A1C-5D71-3075-B42C-49F198D8AD32}</UniqueIdentifier>
    </Filter>
  </ItemGroup>
</Project>
